{
  "name": "1415fee72ff6294b",
  "lockfileVersion": 3,
  "requires": true,
  "packages": {
    "": {
      "dependencies": {
        "create-vite": "^6.2.0"
      }
    },
    "node_modules/create-vite": {
      "version": "6.2.0",
      "resolved": "https://registry.npmjs.org/create-vite/-/create-vite-6.2.0.tgz",
      "integrity": "sha512-4Y1kNZcr/X/JiMipV6tAc8l+4HAHlxomS57jJq2KdZJZV2csP6ne2/I2BQqFopvizq0lZT80e/MqmdP/KBxrIA==",
      "license": "MIT",
      "bin": {
        "create-vite": "index.js",
        "cva": "index.js"
      },
      "engines": {
        "node": "^18.0.0 || ^20.0.0 || >=22.0.0"
      },
      "funding": {
        "url": "https://github.com/vitejs/vite?sponsor=1"
      }
    }
  }
}
